
Microsoft Visual Studio Solution File, Format Version 12.00
# Visual Studio Version 17
VisualStudioVersion = 17.1.32228.430
MinimumVisualStudioVersion = 10.0.40219.1
Project("{9A19103F-16F7-4668-BE54-9A1E7A4F7556}") = "ChemodartsWebApp", "ChemodartsWebApp\ChemodartsWebApp.csproj", "{C9429171-CBA5-4755-A221-CF632C4B61A7}"
EndProject
Project("{9A19103F-16F7-4668-BE54-9A1E7A4F7556}") = "Testbed", "Testbed\Testbed.csproj", "{6EA6954E-9193-409C-948A-612279DD063D}"
EndProject
Project("{FAE04EC0-301F-11D3-BF4B-00C04F79EFBC}") = "MudBlazorTemplates1", "MudBlazorTemplates1\MudBlazorTemplates1.csproj", "{A0591FC4-30F6-4E39-8A53-93D8FB6B59B2}"
EndProject
Project("{FAE04EC0-301F-11D3-BF4B-00C04F79EFBC}") = "WebApplication1", "WebApplication1\WebApplication1.csproj", "{4ED3EBBB-9E5C-4D0F-A1BA-7B2474210DA7}"
EndProject
Global
	GlobalSection(SolutionConfigurationPlatforms) = preSolution
		Debug|Any CPU = Debug|Any CPU
		Release|Any CPU = Release|Any CPU
	EndGlobalSection
	GlobalSection(ProjectConfigurationPlatforms) = postSolution
		{C9429171-CBA5-4755-A221-CF632C4B61A7}.Debug|Any CPU.ActiveCfg = Debug|Any CPU
		{C9429171-CBA5-4755-A221-CF632C4B61A7}.Debug|Any CPU.Build.0 = Debug|Any CPU
		{C9429171-CBA5-4755-A221-CF632C4B61A7}.Release|Any CPU.ActiveCfg = Release|Any CPU
		{C9429171-CBA5-4755-A221-CF632C4B61A7}.Release|Any CPU.Build.0 = Release|Any CPU
		{6EA6954E-9193-409C-948A-612279DD063D}.Debug|Any CPU.ActiveCfg = Debug|Any CPU
		{6EA6954E-9193-409C-948A-612279DD063D}.Debug|Any CPU.Build.0 = Debug|Any CPU
		{6EA6954E-9193-409C-948A-612279DD063D}.Release|Any CPU.ActiveCfg = Release|Any CPU
		{6EA6954E-9193-409C-948A-612279DD063D}.Release|Any CPU.Build.0 = Release|Any CPU
		{A0591FC4-30F6-4E39-8A53-93D8FB6B59B2}.Debug|Any CPU.ActiveCfg = Debug|Any CPU
		{A0591FC4-30F6-4E39-8A53-93D8FB6B59B2}.Debug|Any CPU.Build.0 = Debug|Any CPU
		{A0591FC4-30F6-4E39-8A53-93D8FB6B59B2}.Release|Any CPU.ActiveCfg = Release|Any CPU
		{A0591FC4-30F6-4E39-8A53-93D8FB6B59B2}.Release|Any CPU.Build.0 = Release|Any CPU
		{4ED3EBBB-9E5C-4D0F-A1BA-7B2474210DA7}.Debug|Any CPU.ActiveCfg = Debug|Any CPU
		{4ED3EBBB-9E5C-4D0F-A1BA-7B2474210DA7}.Debug|Any CPU.Build.0 = Debug|Any CPU
		{4ED3EBBB-9E5C-4D0F-A1BA-7B2474210DA7}.Release|Any CPU.ActiveCfg = Release|Any CPU
		{4ED3EBBB-9E5C-4D0F-A1BA-7B2474210DA7}.Release|Any CPU.Build.0 = Release|Any CPU
	EndGlobalSection
	GlobalSection(SolutionProperties) = preSolution
		HideSolutionNode = FALSE
	EndGlobalSection
	GlobalSection(ExtensibilityGlobals) = postSolution
		SolutionGuid = {505EFBDD-9B59-4818-9567-CAC0CF83D7DF}
	EndGlobalSection
EndGlobal
